// !$*UTF8*$!
{
	archiveVersion = 1;
	classes = {
	};
	objectVersion = 70;
	objects = {

/* Begin PBXBuildFile section */
		21B448672D0018AE00FDC970 /* MainAppView.swift in Sources */ = {isa = PBXBuildFile; fileRef = 21B448662D0018AE00FDC970 /* MainAppView.swift */; };
		21B448692D00191F00FDC970 /* NotesView.swift in Sources */ = {isa = PBXBuildFile; fileRef = 21B448682D00191800FDC970 /* NotesView.swift */; };
		21B4486F2D001FCF00FDC970 /* clap.mp3 in Resources */ = {isa = PBXBuildFile; fileRef = 21B4486E2D001FCF00FDC970 /* clap.mp3 */; };
		21B448712D00201700FDC970 /* flute.mp3 in Resources */ = {isa = PBXBuildFile; fileRef = 21B448702D00201700FDC970 /* flute.mp3 */; };
		21ECFDEE2B99AE9D00E90595 /* TimeTalkApp.swift in Sources */ = {isa = PBXBuildFile; fileRef = 21ECFDED2B99AE9D00E90595 /* TimeTalkApp.swift */; };
		21ECFDF02B99AE9D00E90595 /* ContentView.swift in Sources */ = {isa = PBXBuildFile; fileRef = 21ECFDEF2B99AE9D00E90595 /* ContentView.swift */; };
		21ECFDF22B99AE9F00E90595 /* Assets.xcassets in Resources */ = {isa = PBXBuildFile; fileRef = 21ECFDF12B99AE9F00E90595 /* Assets.xcassets */; };
		21ECFDF52B99AE9F00E90595 /* Preview Assets.xcassets in Resources */ = {isa = PBXBuildFile; fileRef = 21ECFDF42B99AE9F00E90595 /* Preview Assets.xcassets */; };
		21ECFDFC2B99B53D00E90595 /* AppDelegate.swift in Sources */ = {isa = PBXBuildFile; fileRef = 21ECFDFB2B99B53D00E90595 /* AppDelegate.swift */; };
/* End PBXBuildFile section */

/* Begin PBXContainerItemProxy section */
		219937202D3F937E00115254 /* PBXContainerItemProxy */ = {
			isa = PBXContainerItemProxy;
			containerPortal = 21ECFDE22B99AE9D00E90595 /* Project object */;
			proxyType = 1;
			remoteGlobalIDString = 21ECFDE92B99AE9D00E90595;
			remoteInfo = "Time Tell";
		};
/* End PBXContainerItemProxy section */

/* Begin PBXFileReference section */
		2199371C2D3F937E00115254 /* Time TellTests.xctest */ = {isa = PBXFileReference; explicitFileType = wrapper.cfbundle; includeInIndex = 0; path = "Time TellTests.xctest"; sourceTree = BUILT_PRODUCTS_DIR; };
		21B448662D0018AE00FDC970 /* MainAppView.swift */ = {isa = PBXFileReference; lastKnownFileType = sourcecode.swift; path = MainAppView.swift; sourceTree = "<group>"; };
		21B448682D00191800FDC970 /* NotesView.swift */ = {isa = PBXFileReference; lastKnownFileType = sourcecode.swift; path = NotesView.swift; sourceTree = "<group>"; };
		21B4486E2D001FCF00FDC970 /* clap.mp3 */ = {isa = PBXFileReference; lastKnownFileType = audio.mp3; path = clap.mp3; sourceTree = "<group>"; };
		21B448702D00201700FDC970 /* flute.mp3 */ = {isa = PBXFileReference; lastKnownFileType = audio.mp3; path = flute.mp3; sourceTree = "<group>"; };
		21ECFDEA2B99AE9D00E90595 /* Time Tell.app */ = {isa = PBXFileReference; explicitFileType = wrapper.application; includeInIndex = 0; path = "Time Tell.app"; sourceTree = BUILT_PRODUCTS_DIR; };
		21ECFDED2B99AE9D00E90595 /* TimeTalkApp.swift */ = {isa = PBXFileReference; lastKnownFileType = sourcecode.swift; path = TimeTalkApp.swift; sourceTree = "<group>"; };
		21ECFDEF2B99AE9D00E90595 /* ContentView.swift */ = {isa = PBXFileReference; lastKnownFileType = sourcecode.swift; path = ContentView.swift; sourceTree = "<group>"; };
		21ECFDF12B99AE9F00E90595 /* Assets.xcassets */ = {isa = PBXFileReference; lastKnownFileType = folder.assetcatalog; path = Assets.xcassets; sourceTree = "<group>"; };
		21ECFDF42B99AE9F00E90595 /* Preview Assets.xcassets */ = {isa = PBXFileReference; lastKnownFileType = folder.assetcatalog; path = "Preview Assets.xcassets"; sourceTree = "<group>"; };
		21ECFDFB2B99B53D00E90595 /* AppDelegate.swift */ = {isa = PBXFileReference; lastKnownFileType = sourcecode.swift; path = AppDelegate.swift; sourceTree = "<group>"; };
		21ECFDFD2B99B97700E90595 /* Info.plist */ = {isa = PBXFileReference; lastKnownFileType = text.plist; path = Info.plist; sourceTree = "<group>"; };
/* End PBXFileReference section */

/* Begin PBXFileSystemSynchronizedRootGroup section */
		2199371D2D3F937E00115254 /* Time TellTests */ = {isa = PBXFileSystemSynchronizedRootGroup; explicitFileTypes = {}; explicitFolders = (); path = "Time TellTests"; sourceTree = "<group>"; };
/* End PBXFileSystemSynchronizedRootGroup section */

/* Begin PBXFrameworksBuildPhase section */
		219937192D3F937E00115254 /* Frameworks */ = {
			isa = PBXFrameworksBuildPhase;
			buildActionMask = 2147483647;
			files = (
			);
			runOnlyForDeploymentPostprocessing = 0;
		};
		21ECFDE72B99AE9D00E90595 /* Frameworks */ = {
			isa = PBXFrameworksBuildPhase;
			buildActionMask = 2147483647;
			files = (
			);
			runOnlyForDeploymentPostprocessing = 0;
		};
/* End PBXFrameworksBuildPhase section */

/* Begin PBXGroup section */
		21ECFDE12B99AE9D00E90595 = {
			isa = PBXGroup;
			children = (
				21ECFDEC2B99AE9D00E90595 /* TimeTalk */,
				2199371D2D3F937E00115254 /* Time TellTests */,
				21ECFDEB2B99AE9D00E90595 /* Products */,
			);
			sourceTree = "<group>";
		};
		21ECFDEB2B99AE9D00E90595 /* Products */ = {
			isa = PBXGroup;
			children = (
				21ECFDEA2B99AE9D00E90595 /* Time Tell.app */,
				2199371C2D3F937E00115254 /* Time TellTests.xctest */,
			);
			name = Products;
			sourceTree = "<group>";
		};
		21ECFDEC2B99AE9D00E90595 /* TimeTalk */ = {
			isa = PBXGroup;
			children = (
				21ECFDFD2B99B97700E90595 /* Info.plist */,
				21ECFDED2B99AE9D00E90595 /* TimeTalkApp.swift */,
				21ECFDFB2B99B53D00E90595 /* AppDelegate.swift */,
				21ECFDEF2B99AE9D00E90595 /* ContentView.swift */,
				21B448662D0018AE00FDC970 /* MainAppView.swift */,
				21B448682D00191800FDC970 /* NotesView.swift */,
				21ECFDF12B99AE9F00E90595 /* Assets.xcassets */,
				21B448702D00201700FDC970 /* flute.mp3 */,
				21B4486E2D001FCF00FDC970 /* clap.mp3 */,
				21ECFDF32B99AE9F00E90595 /* Preview Content */,
			);
			path = TimeTalk;
			sourceTree = "<group>";
		};
		21ECFDF32B99AE9F00E90595 /* Preview Content */ = {
			isa = PBXGroup;
			children = (
				21ECFDF42B99AE9F00E90595 /* Preview Assets.xcassets */,
			);
			path = "Preview Content";
			sourceTree = "<group>";
		};
/* End PBXGroup section */

/* Begin PBXNativeTarget section */
		2199371B2D3F937E00115254 /* Time TellTests */ = {
			isa = PBXNativeTarget;
			buildConfigurationList = 219937242D3F937E00115254 /* Build configuration list for PBXNativeTarget "Time TellTests" */;
			buildPhases = (
				219937182D3F937E00115254 /* Sources */,
				219937192D3F937E00115254 /* Frameworks */,
				2199371A2D3F937E00115254 /* Resources */,
			);
			buildRules = (
			);
			dependencies = (
				219937212D3F937E00115254 /* PBXTargetDependency */,
			);
			fileSystemSynchronizedGroups = (
				2199371D2D3F937E00115254 /* Time TellTests */,
			);
			name = "Time TellTests";
			packageProductDependencies = (
			);
			productName = "Time TellTests";
			productReference = 2199371C2D3F937E00115254 /* Time TellTests.xctest */;
			productType = "com.apple.product-type.bundle.unit-test";
		};
		21ECFDE92B99AE9D00E90595 /* Time Tell */ = {
			isa = PBXNativeTarget;
			buildConfigurationList = 21ECFDF82B99AE9F00E90595 /* Build configuration list for PBXNativeTarget "Time Tell" */;
			buildPhases = (
				21ECFDE62B99AE9D00E90595 /* Sources */,
				21ECFDE72B99AE9D00E90595 /* Frameworks */,
				21ECFDE82B99AE9D00E90595 /* Resources */,
			);
			buildRules = (
			);
			dependencies = (
			);
			name = "Time Tell";
			productName = TimeTalk;
			productReference = 21ECFDEA2B99AE9D00E90595 /* Time Tell.app */;
			productType = "com.apple.product-type.application";
		};
/* End PBXNativeTarget section */

/* Begin PBXProject section */
		21ECFDE22B99AE9D00E90595 /* Project object */ = {
			isa = PBXProject;
			attributes = {
				BuildIndependentTargetsInParallel = 1;
				LastSwiftUpdateCheck = 1600;
				LastUpgradeCheck = 1520;
				TargetAttributes = {
					2199371B2D3F937E00115254 = {
						CreatedOnToolsVersion = 16.0;
						TestTargetID = 21ECFDE92B99AE9D00E90595;
					};
					21ECFDE92B99AE9D00E90595 = {
						CreatedOnToolsVersion = 15.2;
					};
				};
			};
			buildConfigurationList = 21ECFDE52B99AE9D00E90595 /* Build configuration list for PBXProject "Time Tell" */;
			compatibilityVersion = "Xcode 14.0";
			developmentRegion = en;
			hasScannedForEncodings = 0;
			knownRegions = (
				en,
				Base,
			);
			mainGroup = 21ECFDE12B99AE9D00E90595;
			productRefGroup = 21ECFDEB2B99AE9D00E90595 /* Products */;
			projectDirPath = "";
			projectRoot = "";
			targets = (
				21ECFDE92B99AE9D00E90595 /* Time Tell */,
				2199371B2D3F937E00115254 /* Time TellTests */,
			);
		};
/* End PBXProject section */

/* Begin PBXResourcesBuildPhase section */
		2199371A2D3F937E00115254 /* Resources */ = {
			isa = PBXResourcesBuildPhase;
			buildActionMask = 2147483647;
			files = (
			);
			runOnlyForDeploymentPostprocessing = 0;
		};
		21ECFDE82B99AE9D00E90595 /* Resources */ = {
			isa = PBXResourcesBuildPhase;
			buildActionMask = 2147483647;
			files = (
				21ECFDF52B99AE9F00E90595 /* Preview Assets.xcassets in Resources */,
				21ECFDF22B99AE9F00E90595 /* Assets.xcassets in Resources */,
				21B4486F2D001FCF00FDC970 /* clap.mp3 in Resources */,
				21B448712D00201700FDC970 /* flute.mp3 in Resources */,
			);
			runOnlyForDeploymentPostprocessing = 0;
		};
/* End PBXResourcesBuildPhase section */

/* Begin PBXSourcesBuildPhase section */
		219937182D3F937E00115254 /* Sources */ = {
			isa = PBXSourcesBuildPhase;
			buildActionMask = 2147483647;
			files = (
			);
			runOnlyForDeploymentPostprocessing = 0;
		};
		21ECFDE62B99AE9D00E90595 /* Sources */ = {
			isa = PBXSourcesBuildPhase;
			buildActionMask = 2147483647;
			files = (
				21ECFDFC2B99B53D00E90595 /* AppDelegate.swift in Sources */,
				21B448672D0018AE00FDC970 /* MainAppView.swift in Sources */,
				21B448692D00191F00FDC970 /* NotesView.swift in Sources */,
				21ECFDF02B99AE9D00E90595 /* ContentView.swift in Sources */,
				21ECFDEE2B99AE9D00E90595 /* TimeTalkApp.swift in Sources */,
			);
			runOnlyForDeploymentPostprocessing = 0;
		};
/* End PBXSourcesBuildPhase section */

/* Begin PBXTargetDependency section */
		219937212D3F937E00115254 /* PBXTargetDependency */ = {
			isa = PBXTargetDependency;
			target = 21ECFDE92B99AE9D00E90595 /* Time Tell */;
			targetProxy = 219937202D3F937E00115254 /* PBXContainerItemProxy */;
		};
/* End PBXTargetDependency section */

/* Begin XCBuildConfiguration section */
		219937222D3F937E00115254 /* Debug */ = {
			isa = XCBuildConfiguration;
			buildSettings = {
				BUNDLE_LOADER = "$(TEST_HOST)";
				CODE_SIGN_STYLE = Automatic;
				CURRENT_PROJECT_VERSION = 1;
				DEVELOPMENT_TEAM = L295MT4VTH;
				GENERATE_INFOPLIST_FILE = YES;
				IPHONEOS_DEPLOYMENT_TARGET = 18.0;
				MARKETING_VERSION = 1.0;
				PRODUCT_BUNDLE_IDENTIFIER = "PieterNatanael.Time-TellTests";
				PRODUCT_NAME = "$(TARGET_NAME)";
				SWIFT_EMIT_LOC_STRINGS = NO;
				SWIFT_VERSION = 5.0;
				TARGETED_DEVICE_FAMILY = "1,2";
				TEST_HOST = "$(BUILT_PRODUCTS_DIR)/Time Tell.app/$(BUNDLE_EXECUTABLE_FOLDER_PATH)/Time Tell";
			};
			name = Debug;
		};
		219937232D3F937E00115254 /* Release */ = {
			isa = XCBuildConfiguration;
			buildSettings = {
				BUNDLE_LOADER = "$(TEST_HOST)";
				CODE_SIGN_STYLE = Automatic;
				CURRENT_PROJECT_VERSION = 1;
				DEVELOPMENT_TEAM = L295MT4VTH;
				GENERATE_INFOPLIST_FILE = YES;
				IPHONEOS_DEPLOYMENT_TARGET = 18.0;
				MARKETING_VERSION = 1.0;
				PRODUCT_BUNDLE_IDENTIFIER = "PieterNatanael.Time-TellTests";
				PRODUCT_NAME = "$(TARGET_NAME)";
				SWIFT_EMIT_LOC_STRINGS = NO;
				SWIFT_VERSION = 5.0;
				TARGETED_DEVICE_FAMILY = "1,2";
				TEST_HOST = "$(BUILT_PRODUCTS_DIR)/Time Tell.app/$(BUNDLE_EXECUTABLE_FOLDER_PATH)/Time Tell";
			};
			name = Release;
		};
		21ECFDF62B99AE9F00E90595 /* Debug */ = {
			isa = XCBuildConfiguration;
			buildSettings = {
				ALWAYS_SEARCH_USER_PATHS = NO;
				ASSETCATALOG_COMPILER_GENERATE_SWIFT_ASSET_SYMBOL_EXTENSIONS = YES;
				CLANG_ANALYZER_NONNULL = YES;
				CLANG_ANALYZER_NUMBER_OBJECT_CONVERSION = YES_AGGRESSIVE;
				CLANG_CXX_LANGUAGE_STANDARD = "gnu++20";
				CLANG_ENABLE_MODULES = YES;
				CLANG_ENABLE_OBJC_ARC = YES;
				CLANG_ENABLE_OBJC_WEAK = YES;
				CLANG_WARN_BLOCK_CAPTURE_AUTORELEASING = YES;
				CLANG_WARN_BOOL_CONVERSION = YES;
				CLANG_WARN_COMMA = YES;
				CLANG_WARN_CONSTANT_CONVERSION = YES;
				CLANG_WARN_DEPRECATED_OBJC_IMPLEMENTATIONS = YES;
				CLANG_WARN_DIRECT_OBJC_ISA_USAGE = YES_ERROR;
				CLANG_WARN_DOCUMENTATION_COMMENTS = YES;
				CLANG_WARN_EMPTY_BODY = YES;
				CLANG_WARN_ENUM_CONVERSION = YES;
				CLANG_WARN_INFINITE_RECURSION = YES;
				CLANG_WARN_INT_CONVERSION = YES;
				CLANG_WARN_NON_LITERAL_NULL_CONVERSION = YES;
				CLANG_WARN_OBJC_IMPLICIT_RETAIN_SELF = YES;
				CLANG_WARN_OBJC_LITERAL_CONVERSION = YES;
				CLANG_WARN_OBJC_ROOT_CLASS = YES_ERROR;
				CLANG_WARN_QUOTED_INCLUDE_IN_FRAMEWORK_HEADER = YES;
				CLANG_WARN_RANGE_LOOP_ANALYSIS = YES;
				CLANG_WARN_STRICT_PROTOTYPES = YES;
				CLANG_WARN_SUSPICIOUS_MOVE = YES;
				CLANG_WARN_UNGUARDED_AVAILABILITY = YES_AGGRESSIVE;
				CLANG_WARN_UNREACHABLE_CODE = YES;
				CLANG_WARN__DUPLICATE_METHOD_MATCH = YES;
				COPY_PHASE_STRIP = NO;
				DEBUG_INFORMATION_FORMAT = dwarf;
				ENABLE_STRICT_OBJC_MSGSEND = YES;
				ENABLE_TESTABILITY = YES;
				ENABLE_USER_SCRIPT_SANDBOXING = YES;
				GCC_C_LANGUAGE_STANDARD = gnu17;
				GCC_DYNAMIC_NO_PIC = NO;
				GCC_NO_COMMON_BLOCKS = YES;
				GCC_OPTIMIZATION_LEVEL = 0;
				GCC_PREPROCESSOR_DEFINITIONS = (
					"DEBUG=1",
					"$(inherited)",
				);
				GCC_WARN_64_TO_32_BIT_CONVERSION = YES;
				GCC_WARN_ABOUT_RETURN_TYPE = YES_ERROR;
				GCC_WARN_UNDECLARED_SELECTOR = YES;
				GCC_WARN_UNINITIALIZED_AUTOS = YES_AGGRESSIVE;
				GCC_WARN_UNUSED_FUNCTION = YES;
				GCC_WARN_UNUSED_VARIABLE = YES;
				IPHONEOS_DEPLOYMENT_TARGET = 14.0;
				LOCALIZATION_PREFERS_STRING_CATALOGS = YES;
				MTL_ENABLE_DEBUG_INFO = INCLUDE_SOURCE;
				MTL_FAST_MATH = YES;
				ONLY_ACTIVE_ARCH = YES;
				SDKROOT = iphoneos;
				SWIFT_ACTIVE_COMPILATION_CONDITIONS = "DEBUG $(inherited)";
				SWIFT_OPTIMIZATION_LEVEL = "-Onone";
			};
			name = Debug;
		};
		21ECFDF72B99AE9F00E90595 /* Release */ = {
			isa = XCBuildConfiguration;
			buildSettings = {
				ALWAYS_SEARCH_USER_PATHS = NO;
				ASSETCATALOG_COMPILER_GENERATE_SWIFT_ASSET_SYMBOL_EXTENSIONS = YES;
				CLANG_ANALYZER_NONNULL = YES;
				CLANG_ANALYZER_NUMBER_OBJECT_CONVERSION = YES_AGGRESSIVE;
				CLANG_CXX_LANGUAGE_STANDARD = "gnu++20";
				CLANG_ENABLE_MODULES = YES;
				CLANG_ENABLE_OBJC_ARC = YES;
				CLANG_ENABLE_OBJC_WEAK = YES;
				CLANG_WARN_BLOCK_CAPTURE_AUTORELEASING = YES;
				CLANG_WARN_BOOL_CONVERSION = YES;
				CLANG_WARN_COMMA = YES;
				CLANG_WARN_CONSTANT_CONVERSION = YES;
				CLANG_WARN_DEPRECATED_OBJC_IMPLEMENTATIONS = YES;
				CLANG_WARN_DIRECT_OBJC_ISA_USAGE = YES_ERROR;
				CLANG_WARN_DOCUMENTATION_COMMENTS = YES;
				CLANG_WARN_EMPTY_BODY = YES;
				CLANG_WARN_ENUM_CONVERSION = YES;
				CLANG_WARN_INFINITE_RECURSION = YES;
				CLANG_WARN_INT_CONVERSION = YES;
				CLANG_WARN_NON_LITERAL_NULL_CONVERSION = YES;
				CLANG_WARN_OBJC_IMPLICIT_RETAIN_SELF = YES;
				CLANG_WARN_OBJC_LITERAL_CONVERSION = YES;
				CLANG_WARN_OBJC_ROOT_CLASS = YES_ERROR;
				CLANG_WARN_QUOTED_INCLUDE_IN_FRAMEWORK_HEADER = YES;
				CLANG_WARN_RANGE_LOOP_ANALYSIS = YES;
				CLANG_WARN_STRICT_PROTOTYPES = YES;
				CLANG_WARN_SUSPICIOUS_MOVE = YES;
				CLANG_WARN_UNGUARDED_AVAILABILITY = YES_AGGRESSIVE;
				CLANG_WARN_UNREACHABLE_CODE = YES;
				CLANG_WARN__DUPLICATE_METHOD_MATCH = YES;
				COPY_PHASE_STRIP = NO;
				DEBUG_INFORMATION_FORMAT = "dwarf-with-dsym";
				ENABLE_NS_ASSERTIONS = NO;
				ENABLE_STRICT_OBJC_MSGSEND = YES;
				ENABLE_USER_SCRIPT_SANDBOXING = YES;
				GCC_C_LANGUAGE_STANDARD = gnu17;
				GCC_NO_COMMON_BLOCKS = YES;
				GCC_WARN_64_TO_32_BIT_CONVERSION = YES;
				GCC_WARN_ABOUT_RETURN_TYPE = YES_ERROR;
				GCC_WARN_UNDECLARED_SELECTOR = YES;
				GCC_WARN_UNINITIALIZED_AUTOS = YES_AGGRESSIVE;
				GCC_WARN_UNUSED_FUNCTION = YES;
				GCC_WARN_UNUSED_VARIABLE = YES;
				IPHONEOS_DEPLOYMENT_TARGET = 14.0;
				LOCALIZATION_PREFERS_STRING_CATALOGS = YES;
				MTL_ENABLE_DEBUG_INFO = NO;
				MTL_FAST_MATH = YES;
				SDKROOT = iphoneos;
				SWIFT_COMPILATION_MODE = wholemodule;
				VALIDATE_PRODUCT = YES;
			};
			name = Release;
		};
		21ECFDF92B99AE9F00E90595 /* Debug */ = {
			isa = XCBuildConfiguration;
			buildSettings = {
				ASSETCATALOG_COMPILER_APPICON_NAME = AppIcon;
				ASSETCATALOG_COMPILER_GLOBAL_ACCENT_COLOR_NAME = AccentColor;
				CODE_SIGN_STYLE = Automatic;
				CURRENT_PROJECT_VERSION = 5;
				DEVELOPMENT_ASSET_PATHS = "\"TimeTalk/Preview Content\"";
				DEVELOPMENT_TEAM = L295MT4VTH;
				ENABLE_PREVIEWS = YES;
				GENERATE_INFOPLIST_FILE = YES;
				INFOPLIST_FILE = TimeTalk/Info.plist;
				INFOPLIST_KEY_UIApplicationSceneManifest_Generation = YES;
				INFOPLIST_KEY_UIApplicationSupportsIndirectInputEvents = YES;
				INFOPLIST_KEY_UILaunchScreen_Generation = YES;
				INFOPLIST_KEY_UISupportedInterfaceOrientations_iPad = "UIInterfaceOrientationPortrait UIInterfaceOrientationPortraitUpsideDown UIInterfaceOrientationLandscapeLeft UIInterfaceOrientationLandscapeRight";
				INFOPLIST_KEY_UISupportedInterfaceOrientations_iPhone = "UIInterfaceOrientationPortrait UIInterfaceOrientationLandscapeLeft UIInterfaceOrientationLandscapeRight";
				IPHONEOS_DEPLOYMENT_TARGET = 14.0;
				LD_RUNPATH_SEARCH_PATHS = (
					"$(inherited)",
					"@executable_path/Frameworks",
				);
				MARKETING_VERSION = 1.6.5;
				PRODUCT_BUNDLE_IDENTIFIER = PieterNatanael.TimeTalk;
				PRODUCT_NAME = "$(TARGET_NAME)";
				SWIFT_EMIT_LOC_STRINGS = YES;
				SWIFT_VERSION = 5.0;
				TARGETED_DEVICE_FAMILY = "1,2";
			};
			name = Debug;
		};
		21ECFDFA2B99AE9F00E90595 /* Release */ = {
			isa = XCBuildConfiguration;
			buildSettings = {
				ASSETCATALOG_COMPILER_APPICON_NAME = AppIcon;
				ASSETCATALOG_COMPILER_GLOBAL_ACCENT_COLOR_NAME = AccentColor;
				CODE_SIGN_STYLE = Automatic;
				CURRENT_PROJECT_VERSION = 5;
				DEVELOPMENT_ASSET_PATHS = "\"TimeTalk/Preview Content\"";
				DEVELOPMENT_TEAM = L295MT4VTH;
				ENABLE_PREVIEWS = YES;
				GENERATE_INFOPLIST_FILE = YES;
				INFOPLIST_FILE = TimeTalk/Info.plist;
				INFOPLIST_KEY_UIApplicationSceneManifest_Generation = YES;
				INFOPLIST_KEY_UIApplicationSupportsIndirectInputEvents = YES;
				INFOPLIST_KEY_UILaunchScreen_Generation = YES;
				INFOPLIST_KEY_UISupportedInterfaceOrientations_iPad = "UIInterfaceOrientationPortrait UIInterfaceOrientationPortraitUpsideDown UIInterfaceOrientationLandscapeLeft UIInterfaceOrientationLandscapeRight";
				INFOPLIST_KEY_UISupportedInterfaceOrientations_iPhone = "UIInterfaceOrientationPortrait UIInterfaceOrientationLandscapeLeft UIInterfaceOrientationLandscapeRight";
				IPHONEOS_DEPLOYMENT_TARGET = 14.0;
				LD_RUNPATH_SEARCH_PATHS = (
					"$(inherited)",
					"@executable_path/Frameworks",
				);
				MARKETING_VERSION = 1.6.5;
				PRODUCT_BUNDLE_IDENTIFIER = PieterNatanael.TimeTalk;
				PRODUCT_NAME = "$(TARGET_NAME)";
				SWIFT_EMIT_LOC_STRINGS = YES;
				SWIFT_VERSION = 5.0;
				TARGETED_DEVICE_FAMILY = "1,2";
			};
			name = Release;
		};
/* End XCBuildConfiguration section */

/* Begin XCConfigurationList section */
		219937242D3F937E00115254 /* Build configuration list for PBXNativeTarget "Time TellTests" */ = {
			isa = XCConfigurationList;
			buildConfigurations = (
				219937222D3F937E00115254 /* Debug */,
				219937232D3F937E00115254 /* Release */,
			);
			defaultConfigurationIsVisible = 0;
			defaultConfigurationName = Release;
		};
		21ECFDE52B99AE9D00E90595 /* Build configuration list for PBXProject "Time Tell" */ = {
			isa = XCConfigurationList;
			buildConfigurations = (
				21ECFDF62B99AE9F00E90595 /* Debug */,
				21ECFDF72B99AE9F00E90595 /* Release */,
			);
			defaultConfigurationIsVisible = 0;
			defaultConfigurationName = Release;
		};
		21ECFDF82B99AE9F00E90595 /* Build configuration list for PBXNativeTarget "Time Tell" */ = {
			isa = XCConfigurationList;
			buildConfigurations = (
				21ECFDF92B99AE9F00E90595 /* Debug */,
				21ECFDFA2B99AE9F00E90595 /* Release */,
			);
			defaultConfigurationIsVisible = 0;
			defaultConfigurationName = Release;
		};
/* End XCConfigurationList section */
	};
	rootObject = 21ECFDE22B99AE9D00E90595 /* Project object */;
}
